{
  "version": 4,
  "terraform_version": "1.14.3",
  "serial": 30,
  "lineage": "d5eaac4b-9a56-2568-7e9e-bbad5a20ac40",
  "outputs": {
    "ecr_repository_url": {
      "value": "232235993791.dkr.ecr.ap-northeast-2.amazonaws.com/hkjung-web-repo",
      "type": "string"
    },
    "fargate_sg_id": {
      "value": "sg-0870426be98801987",
      "type": "string"
    },
    "github_actions_iam_role_arn": {
      "value": "arn:aws:iam::232235993791:role/hkjung-web-github-actions-deployer",
      "type": "string"
    },
    "public_subnet_ids": {
      "value": [
        "subnet-0ffec8aa2219834c1",
        "subnet-0f93ae0afae2ae4cf"
      ],
      "type": [
        "tuple",
        [
          "string",
          "string"
        ]
      ]
    },
    "vpc_id": {
      "value": "vpc-0c78eb730cf8bd989",
      "type": "string"
    }
  },
  "resources": [
    {
      "mode": "data",
      "type": "aws_availability_zones",
      "name": "available",
      "provider": "provider[\"registry.terraform.io/hashicorp/aws\"]",
      "instances": [
        {
          "schema_version": 0,
          "attributes": {
            "all_availability_zones": null,
            "exclude_names": null,
            "exclude_zone_ids": null,
            "filter": null,
            "group_names": [
              "ap-northeast-2-zg-1"
            ],
            "id": "ap-northeast-2",
            "names": [
              "ap-northeast-2a",
              "ap-northeast-2b",
              "ap-northeast-2c",
              "ap-northeast-2d"
            ],
            "state": "available",
            "timeouts": null,
            "zone_ids": [
              "apne2-az1",
              "apne2-az2",
              "apne2-az3",
              "apne2-az4"
            ]
          },
          "sensitive_attributes": [],
          "identity_schema_version": 0
        }
      ]
    },
    {
      "mode": "data",
      "type": "aws_caller_identity",
      "name": "current",
      "provider": "provider[\"registry.terraform.io/hashicorp/aws\"]",
      "instances": [
        {
          "schema_version": 0,
          "attributes": {
            "account_id": "232235993791",
            "arn": "arn:aws:iam::232235993791:user/twhkjung",
            "id": "232235993791",
            "user_id": "AIDATMESYBK7RKNS7TVJ3"
          },
          "sensitive_attributes": [],
          "identity_schema_version": 0
        }
      ]
    },
    {
      "mode": "data",
      "type": "tls_certificate",
      "name": "github",
      "provider": "provider[\"registry.terraform.io/hashicorp/tls\"]",
      "instances": [
        {
          "schema_version": 0,
          "attributes": {
            "certificates": [
              {
                "cert_pem": "-----BEGIN CERTIFICATE-----\nMIIGlTCCBH2gAwIBAgIRANJ/u8HeNZ5SFq1hSVhgmcQwDQYJKoZIhvcNAQEMBQAw\ngYgxCzAJBgNVBAYTAlVTMRMwEQYDVQQIEwpOZXcgSmVyc2V5MRQwEgYDVQQHEwtK\nZXJzZXkgQ2l0eTEeMBwGA1UEChMVVGhlIFVTRVJUUlVTVCBOZXR3b3JrMS4wLAYD\nVQQDEyVVU0VSVHJ1c3QgUlNBIENlcnRpZmljYXRpb24gQXV0aG9yaXR5MB4XDTIx\nMDMyMjAwMDAwMFoXDTM4MDExODIzNTk1OVowXzELMAkGA1UEBhMCR0IxGDAWBgNV\nBAoTD1NlY3RpZ28gTGltaXRlZDE2MDQGA1UEAxMtU2VjdGlnbyBQdWJsaWMgU2Vy\ndmVyIEF1dGhlbnRpY2F0aW9uIFJvb3QgUjQ2MIICIjANBgkqhkiG9w0BAQEFAAOC\nAg8AMIICCgKCAgEAk77VNlJ12AEjoBxHQknuY7a3If3EldVIKyZ8FFMQ2nn9K7ct\npNQs+uoy3UnCub0PSD17WphUr55dMXRPB/xQId2kz2hPGxJjbSWZTCqZ80gwYfqB\nfB6nCErcPiscHxhMcao1jK34bug7StnllALWiYQTqm3ITzPMUJY3kjPcX4jnn1TZ\nSPCYQ9Zm/Z8XOEPFAVEL1+MjDxRdWxTnS77d9MjaAzfR1jmhIVEwg7Bt1zBOlluR\n8HAkq79FgWRDDb0hOi886Z4NyyC1QifM2m+b7mQwkDnNk2WBITG1I1AzNyLjOO34\nMTDMRf5i+dFdMnlCh99qzFYZQE3Oqrv5tXZJlPEn+JGlg+UGs2MOgNzgElWApjtm\ntDmHLcjw0NEU6eQNTQ72XVdyxTscR1ad4tX7gWGMzE2AkDRbt9cUddzYBEifwMEo\niLTpHMqnsfFWt3tJTFnlIBWohAIp+jiUaZpJBo/NH3kUFxIMg3reH7GX7vmXeCik\nyESS6X0mBaZYcpt5E9gRX67FOGI0aLKGMI74kGGeMmz1BzbNokxu7Io27fLmmRVE\ncMN8vJw5wLTha/eDJSNX2RKA5UnwdQ/vjescm1QotCE8/HwK/+97a3X/ix2gGQWr\n+vgrgULoOLq7+6r9PeDzyt9Ol5cp7fMYVumllqy9w5CYsuD5otSmR0N8bc8CAwEA\nAaOCASAwggEcMB8GA1UdIwQYMBaAFFN5v1qqK0rPVIDh2JvAnfKyA2bLMB0GA1Ud\nDgQWBBRWc1hklfmSGrASKgRieaFAFYghSTAOBgNVHQ8BAf8EBAMCAYYwDwYDVR0T\nAQH/BAUwAwEB/zAdBgNVHSUEFjAUBggrBgEFBQcDAQYIKwYBBQUHAwIwEQYDVR0g\nBAowCDAGBgRVHSAAMFAGA1UdHwRJMEcwRaBDoEGGP2h0dHA6Ly9jcmwudXNlcnRy\ndXN0LmNvbS9VU0VSVHJ1c3RSU0FDZXJ0aWZpY2F0aW9uQXV0aG9yaXR5LmNybDA1\nBggrBgEFBQcBAQQpMCcwJQYIKwYBBQUHMAGGGWh0dHA6Ly9vY3NwLnVzZXJ0cnVz\ndC5jb20wDQYJKoZIhvcNAQEMBQADggIBADpvBIlq7bMU0cFDT/9P9+BsgCkRgQs0\nS6Bf7vJSlWMHwby0VGvxCS0hrbi0K2BINZbEbsVsgpQq04431yyoVn3Hldorgq24\nRldRDOOipEZDTFB9wC9HYt1thHF00XeG2C8KC1plwoEzKAIhPvefI/C3cT0CfTXJ\nuFjUbKIgSwjNjw6YHtLgoy/hd5+JLUlLco/gzFX/qWbT7tEquOMYpsNKWZj8TLqP\nq6zMiG4Na6feEZte6YPXGrMWlTWN341vDedc+yxQqSug79HJUQcOZs7KyDWztmae\nQxsPE49UV/8XwrfZtZaYyrs4FpD94Z4Q8dzXGL8+qEJjxgcza7W6PROaClubavd1\nVKPm8+aCW77u7SxpR2TFGL6kPdxsKyFijpcunR5V79sUyROfNdzjrAcFWZXK8sbb\n9FlnwuVG677JLv+ZVTX5AxLvW5OB4zt5uS+zB62wJ/Wv+jXGAttSAcJec4iFgCWH\nRvdi/jJoSzRLa3nEzx6pFIzclSCnh0u1xCeLcUBypSiPga8W+6PkuoyQq8U9qs9E\noxG5NvrvlyshwUS9yvcZRGw7Ljlx4jJH/BhIPR8kIBCQj1vna9TziZOrw1Of8hDU\nbHKFG9Pm8Dp2vbjz/2JH39qvxshPKVllGfq+5klPm7yZRUYTiCMAbqwNdL/nsqF2\nRnnyp58XRStJ\n-----END CERTIFICATE-----\n",
                "is_ca": true,
                "issuer": "CN=USERTrust RSA Certification Authority,O=The USERTRUST Network,L=Jersey City,ST=New Jersey,C=US",
                "max_path_length": -1,
                "not_after": "2038-01-18T23:59:59Z",
                "not_before": "2021-03-22T00:00:00Z",
                "public_key_algorithm": "RSA",
                "serial_number": "279801108986267997430958846641392622020",
                "sha1_fingerprint": "2b18947a6a9fc7764fd8b5fb18a863b0c6dac24f",
                "signature_algorithm": "SHA384-RSA",
                "subject": "CN=Sectigo Public Server Authentication Root R46,O=Sectigo Limited,C=GB",
                "version": 3
              },
              {
                "cert_pem": "-----BEGIN CERTIFICATE-----\nMIIGTDCCBDSgAwIBAgIQOXpmzCdWNi4NqofKbqvjsTANBgkqhkiG9w0BAQwFADBf\nMQswCQYDVQQGEwJHQjEYMBYGA1UEChMPU2VjdGlnbyBMaW1pdGVkMTYwNAYDVQQD\nEy1TZWN0aWdvIFB1YmxpYyBTZXJ2ZXIgQXV0aGVudGljYXRpb24gUm9vdCBSNDYw\nHhcNMjEwMzIyMDAwMDAwWhcNMzYwMzIxMjM1OTU5WjBgMQswCQYDVQQGEwJHQjEY\nMBYGA1UEChMPU2VjdGlnbyBMaW1pdGVkMTcwNQYDVQQDEy5TZWN0aWdvIFB1Ymxp\nYyBTZXJ2ZXIgQXV0aGVudGljYXRpb24gQ0EgRFYgUjM2MIIBojANBgkqhkiG9w0B\nAQEFAAOCAY8AMIIBigKCAYEAljZf2HIz7+SPUPQCQObZYcrxLTHYdf1ZtMRe7Yeq\nRPSwygz16qJ9cAWtWNTcuICc++p8Dct7zNGxCpqmEtqifO7NvuB5dEVexXn9RFFH\n12Hm+NtPRQgXIFjx6MSJcNWuVO3XGE57L1mHlcQYj+g4hny90aFh2SCZCDEVkAja\nEMMfYPKuCjHuuF+bzHFb/9gV8P9+ekcHENF2nR1efGWSKwnfG5RawlkaQDpRtZTm\nM64TIsv/r7cyFO4nSjs1jLdXYdz5q3a4L0NoabZfbdxVb+CUEHfB0bpulZQtH1Rv\n38e/lIdP7OTTIlZh6OYL6NhxP8So0/sht/4J9mqIGxRFc0/pC8suja+wcIUna0HB\npXKfXTKpzgis+zmXDL06ASJf5E4A2/m+Hp6b84sfPAwQ766rI65mh50S0Di9E3Pn\n2WcaJc+PILsBmYpgtmgWTR9eV9otfKRUBfzHUHcVgarub/XluEpRlTtZudU5xbFN\nxx/DgMrXLUAPaI60fZ6wA+PTAgMBAAGjggGBMIIBfTAfBgNVHSMEGDAWgBRWc1hk\nlfmSGrASKgRieaFAFYghSTAdBgNVHQ4EFgQUaMASFhgOr872h6YyV6NGUV3LBycw\nDgYDVR0PAQH/BAQDAgGGMBIGA1UdEwEB/wQIMAYBAf8CAQAwHQYDVR0lBBYwFAYI\nKwYBBQUHAwEGCCsGAQUFBwMCMBsGA1UdIAQUMBIwBgYEVR0gADAIBgZngQwBAgEw\nVAYDVR0fBE0wSzBJoEegRYZDaHR0cDovL2NybC5zZWN0aWdvLmNvbS9TZWN0aWdv\nUHVibGljU2VydmVyQXV0aGVudGljYXRpb25Sb290UjQ2LmNybDCBhAYIKwYBBQUH\nAQEEeDB2ME8GCCsGAQUFBzAChkNodHRwOi8vY3J0LnNlY3RpZ28uY29tL1NlY3Rp\nZ29QdWJsaWNTZXJ2ZXJBdXRoZW50aWNhdGlvblJvb3RSNDYucDdjMCMGCCsGAQUF\nBzABhhdodHRwOi8vb2NzcC5zZWN0aWdvLmNvbTANBgkqhkiG9w0BAQwFAAOCAgEA\nYtOC9Fy+TqECFw40IospI92kLGgoSZGPOSQXMBqmsGWZUQ7rux7cj1du6d9rD6C8\nze1B2eQjkrGkIL/OF1s7vSmgYVafsRoZd/IHUrkoQvX8FZwUsmPu7amgBfaY3g+d\nq1x0jNGKb6I6Bzdl6LgMD9qxp+3i7GQOnd9J8LFSietY6Z4jUBzVoOoz8iAU84OF\nh2HhAuiPw1ai0VnY38RTI+8kepGWVfGxfBWzwH9uIjeooIeaosVFvE8cmYUB4TSH\n5dUyD0jHct2+8ceKEtIoFU/FfHq/mDaVnvcDCZXtIgitdMFQdMZaVehmObyhRdDD\n4NQCs0gaI9AAgFj4L9QtkARzhQLNyRf87Kln+YU0lgCGr9HLg3rGO8q+Y4ppLsOd\nunQZ6ZxPNGIfOApbPVf5hCe58EZwiWdHIMn9lPP6+F404y8NNugbQixBber+x536\nWrZhFZLjEkhp7fFXf9r32rNPfb74X/U90Bdy4lzp3+X1ukh1BuMxA/EEhDoTOS3l\n7ABvc7BYSQubQ2490OcdkIzUh3ZwDrakMVrbaTxUM2p24N6dB+ns2zptWCva6jzW\nr8IWKIMxzxLPv5Kt3ePKcUdvkBU/smqujSczTzzSjIoR5QqQA6lN1ZRSnuHIWCvh\nJEltkYnTAH41QJ6SAWO66GrrUESwN/cgZzL4JLEqz1Y=\n-----END CERTIFICATE-----\n",
                "is_ca": true,
                "issuer": "CN=Sectigo Public Server Authentication Root R46,O=Sectigo Limited,C=GB",
                "max_path_length": 0,
                "not_after": "2036-03-21T23:59:59Z",
                "not_before": "2021-03-22T00:00:00Z",
                "public_key_algorithm": "RSA",
                "serial_number": "76401540956980317967350201603557417905",
                "sha1_fingerprint": "dd55b4520291e276588f0dd02fafd83a7368e0fa",
                "signature_algorithm": "SHA384-RSA",
                "subject": "CN=Sectigo Public Server Authentication CA DV R36,O=Sectigo Limited,C=GB",
                "version": 3
              },
              {
                "cert_pem": "-----BEGIN CERTIFICATE-----\nMIIHuDCCBiCgAwIBAgIQQpoM0ALJqV2GN3xNM4T2OjANBgkqhkiG9w0BAQwFADBg\nMQswCQYDVQQGEwJHQjEYMBYGA1UEChMPU2VjdGlnbyBMaW1pdGVkMTcwNQYDVQQD\nEy5TZWN0aWdvIFB1YmxpYyBTZXJ2ZXIgQXV0aGVudGljYXRpb24gQ0EgRFYgUjM2\nMB4XDTI1MDYxMDAwMDAwMFoXDTI2MDYxMDIzNTk1OVowKjEoMCYGA1UEAwwfKi5h\nY3Rpb25zLmdpdGh1YnVzZXJjb250ZW50LmNvbTCCAiIwDQYJKoZIhvcNAQEBBQAD\nggIPADCCAgoCggIBANwvpdsZH4sqaZi93aUO0fMlanlA+9q37qP6fIK7jrhSen2r\nYbJadNPyIc2j2B/iAs+MRBnxfpkNpCpwNZtWJA4LH3YhINRqD/Dt+Xixlkulc8Ga\ner+4EcP1HjqH1pxxVfAMlOfFxFvAWWXA2B4W3PIzPN0r/cGE1RwNTx6PCnIAC06u\nH1NOIGikEwZ11pxGVSc4Ah+LqfnRUfPdmAPONDbnEFyBzq83jKrNQujt/bgncsdt\nZjT3Mq4FGRHDRcsIsVet79wOG3yylFF9Vpnwk6Knzv4pTRnsx+Q2APXAMVIJk3Zn\ns7jmDFmthyWqvL7Ox4lSw5Nf/cG8Dz5OyjKsmQKYGN3CXuBlOML4xyIN/hJ8I6N9\n05swoOBFeSVEIhIaPRakW+TzMS7/G5vi42P+Qr/xQqkpX0bvLTRGq9/5utTA+G8k\nlpKZoXv2wEdaiSVbU9IBRYusoNTCiOiagSXOj2FerI1AH2005UBpi9yfIBJpJXyw\n/BTSPxuELjoa2YCNe4CB4NHJOUEeTScNJhLBdLljiP/909EbvGKDqxXvVCLZLeVe\nqj1ONO41woCic5Esx7IeOeT8+/6U/B+yigBNg4EHOnafFDt6JCs7QCggziSR/I6b\nEtRWsgkysYoi04Ch70820xfRfkoBD0a5ek84gy4cNL3fzJyWp+urwXkZcNcrAgMB\nAAGjggMiMIIDHjAfBgNVHSMEGDAWgBRowBIWGA6vzvaHpjJXo0ZRXcsHJzAdBgNV\nHQ4EFgQUNvfYmW3BgodYLPPz/xli4dQRV90wDgYDVR0PAQH/BAQDAgWgMAwGA1Ud\nEwEB/wQCMAAwHQYDVR0lBBYwFAYIKwYBBQUHAwEGCCsGAQUFBwMCMEkGA1UdIARC\nMEAwNAYLKwYBBAGyMQECAgcwJTAjBggrBgEFBQcCARYXaHR0cHM6Ly9zZWN0aWdv\nLmNvbS9DUFMwCAYGZ4EMAQIBMIGEBggrBgEFBQcBAQR4MHYwTwYIKwYBBQUHMAKG\nQ2h0dHA6Ly9jcnQuc2VjdGlnby5jb20vU2VjdGlnb1B1YmxpY1NlcnZlckF1dGhl\nbnRpY2F0aW9uQ0FEVlIzNi5jcnQwIwYIKwYBBQUHMAGGF2h0dHA6Ly9vY3NwLnNl\nY3RpZ28uY29tMIIBgAYKKwYBBAHWeQIEAgSCAXAEggFsAWoAdwCWl2S/VViXrfdD\nh2g3CEJ36fA61fak8zZuRqQ/D8qpxgAAAZdat61EAAAEAwBIMEYCIQCA65MwsKyq\nFxSrXqhQR162ZRVldScjNerb+51MWqi4OQIhANk0Ah6wTitCDLqYwkX0KL0ccREH\nfsEoXS+P+y9j1zCdAHcAGYbUxyiqb/66A294Kk0BkarOLXIxD67OXXBBLSVMx9QA\nAAGXWretMAAABAMASDBGAiEAiTj7Lf7XXQo+NcR/gHZ0yMGH20jlJkVUXQYXlJWk\nUjACIQCTfipxukvVKmCpD/rBnyM7OO5aNRZ+Dg0qMa9YHxvxCwB2AA5XlLzzrqk+\nMxssmQez95Dfm8I9cTIl3SGpJaxhxU4hAAABl1q3rREAAAQDAEcwRQIgI7KUJeAI\nkh36VrL7lW7QGYCNLm+yrSHFEe6SfV5TKsECIQCpndHbZIH0Y4TP9YXiUIWkTrUU\nGaWlet40EwANT7SVKzBJBgNVHREEQjBAgh8qLmFjdGlvbnMuZ2l0aHVidXNlcmNv\nbnRlbnQuY29tgh1hY3Rpb25zLmdpdGh1YnVzZXJjb250ZW50LmNvbTANBgkqhkiG\n9w0BAQwFAAOCAYEAPCGSgvwRlgCuKBpSQ9YuuFvKsbMKIgLmVxu/grXpCgx8KdMr\n+fld74WOmyZukk0PfrAm+gYZe+4dDKrzbn8inD6Wz2/UKiXRa9noZ5v0CL6qOy3b\nRPZ8YgHYWrV0YEIqh5St+n1Dc0A1UhgTDFbHCQ/u1Lgw/dFasl6Iz8hnDTfQpoT5\n05R6F3acsR/xKa74zrAWSFyCJo0BxE39KTW8sb71gv99ZFD5Nnj8D0nSdE7nU4af\nIuF/ALfhH+n60VjaBfoeS9M/fQmEekxsZ5RFpmEMkDm3Y36tdDFKtFC9Cb4o9wal\nFkZnwghK+JatRsjAj+5HmW7iKZoptAIK0Z3vKS/ptCql4wnDMDH7bkDsb9KeDEnN\n6eG0PTNhnp+byRcFf+/KfVdNxsNw+sZqTly8bbg8Z2jnUd6o7XPEyIqVRm9KUjQk\nf+Tb1cuwyT11MyCSxfFwHnCtgSh1wIPJRvbcFlL4K9HJYvG1UuXHLsRQB6/KG0oK\nWgluOHrqp6q8psLk\n-----END CERTIFICATE-----\n",
                "is_ca": false,
                "issuer": "CN=Sectigo Public Server Authentication CA DV R36,O=Sectigo Limited,C=GB",
                "max_path_length": -1,
                "not_after": "2026-06-10T23:59:59Z",
                "not_before": "2025-06-10T00:00:00Z",
                "public_key_algorithm": "RSA",
                "serial_number": "88528921307254621768011639059774764602",
                "sha1_fingerprint": "7560d6f40fa55195f740ee2b1b7c0b4836cbe103",
                "signature_algorithm": "SHA384-RSA",
                "subject": "CN=*.actions.githubusercontent.com",
                "version": 3
              }
            ],
            "content": null,
            "id": "d54ffc5863e92be116e7b1bebdacdafbdb976744",
            "url": "https://token.actions.githubusercontent.com",
            "verify_chain": true
          },
          "sensitive_attributes": [],
          "identity_schema_version": 0
        }
      ]
    },
    {
      "mode": "managed",
      "type": "aws_cloudwatch_log_group",
      "name": "web_app",
      "provider": "provider[\"registry.terraform.io/hashicorp/aws\"]",
      "instances": [
        {
          "schema_version": 0,
          "attributes": {
            "arn": "arn:aws:logs:ap-northeast-2:232235993791:log-group:/ecs/hkjung-web-web-app",
            "id": "/ecs/hkjung-web-web-app",
            "kms_key_id": "",
            "log_group_class": "STANDARD",
            "name": "/ecs/hkjung-web-web-app",
            "name_prefix": "",
            "retention_in_days": 365,
            "skip_destroy": false,
            "tags": {
              "Name": "hkjung-web-log-group"
            },
            "tags_all": {
              "Name": "hkjung-web-log-group"
            }
          },
          "sensitive_attributes": [],
          "identity_schema_version": 0,
          "private": "bnVsbA=="
        }
      ]
    },
    {
      "mode": "managed",
      "type": "aws_ecr_repository",
      "name": "web_app",
      "provider": "provider[\"registry.terraform.io/hashicorp/aws\"]",
      "instances": [
        {
          "schema_version": 0,
          "attributes": {
            "arn": "arn:aws:ecr:ap-northeast-2:232235993791:repository/hkjung-web-repo",
            "encryption_configuration": [
              {
                "encryption_type": "AES256",
                "kms_key": ""
              }
            ],
            "force_delete": null,
            "id": "hkjung-web-repo",
            "image_scanning_configuration": [
              {
                "scan_on_push": true
              }
            ],
            "image_tag_mutability": "MUTABLE",
            "name": "hkjung-web-repo",
            "registry_id": "232235993791",
            "repository_url": "232235993791.dkr.ecr.ap-northeast-2.amazonaws.com/hkjung-web-repo",
            "tags": {
              "Name": "hkjung-web-repo"
            },
            "tags_all": {
              "Name": "hkjung-web-repo"
            },
            "timeouts": null
          },
          "sensitive_attributes": [],
          "identity_schema_version": 0,
          "private": "eyJlMmJmYjczMC1lY2FhLTExZTYtOGY4OC0zNDM2M2JjN2M0YzAiOnsiZGVsZXRlIjoxMjAwMDAwMDAwMDAwfX0="
        }
      ]
    },
    {
      "mode": "managed",
      "type": "aws_ecs_cluster",
      "name": "main",
      "provider": "provider[\"registry.terraform.io/hashicorp/aws\"]",
      "instances": [
        {
          "schema_version": 0,
          "attributes": {
            "arn": "arn:aws:ecs:ap-northeast-2:232235993791:cluster/hkjung-web-cluster",
            "configuration": [],
            "id": "arn:aws:ecs:ap-northeast-2:232235993791:cluster/hkjung-web-cluster",
            "name": "hkjung-web-cluster",
            "service_connect_defaults": [],
            "setting": [
              {
                "name": "containerInsights",
                "value": "disabled"
              }
            ],
            "tags": {
              "Name": "hkjung-web-cluster"
            },
            "tags_all": {
              "Name": "hkjung-web-cluster"
            }
          },
          "sensitive_attributes": [],
          "identity_schema_version": 0,
          "private": "bnVsbA=="
        }
      ]
    },
    {
      "mode": "managed",
      "type": "aws_ecs_service",
      "name": "web_app",
      "provider": "provider[\"registry.terraform.io/hashicorp/aws\"]",
      "instances": [
        {
          "schema_version": 1,
          "attributes": {
            "alarms": [],
            "availability_zone_rebalancing": "DISABLED",
            "capacity_provider_strategy": [
              {
                "base": 0,
                "capacity_provider": "FARGATE_SPOT",
                "weight": 1
              }
            ],
            "cluster": "arn:aws:ecs:ap-northeast-2:232235993791:cluster/hkjung-web-cluster",
            "deployment_circuit_breaker": [
              {
                "enable": false,
                "rollback": false
              }
            ],
            "deployment_controller": [
              {
                "type": "ECS"
              }
            ],
            "deployment_maximum_percent": 200,
            "deployment_minimum_healthy_percent": 100,
            "desired_count": 1,
            "enable_ecs_managed_tags": false,
            "enable_execute_command": false,
            "force_delete": null,
            "force_new_deployment": null,
            "health_check_grace_period_seconds": 0,
            "iam_role": "/aws-service-role/ecs.amazonaws.com/AWSServiceRoleForECS",
            "id": "arn:aws:ecs:ap-northeast-2:232235993791:service/hkjung-web-cluster/hkjung-web-web-service",
            "launch_type": "",
            "load_balancer": [],
            "name": "hkjung-web-web-service",
            "network_configuration": [
              {
                "assign_public_ip": true,
                "security_groups": [
                  "sg-0870426be98801987"
                ],
                "subnets": [
                  "subnet-0f93ae0afae2ae4cf",
                  "subnet-0ffec8aa2219834c1"
                ]
              }
            ],
            "ordered_placement_strategy": [],
            "placement_constraints": [],
            "platform_version": "LATEST",
            "propagate_tags": "NONE",
            "scheduling_strategy": "REPLICA",
            "service_connect_configuration": [],
            "service_registries": [],
            "tags": {
              "Name": "hkjung-web-web-service"
            },
            "tags_all": {
              "Name": "hkjung-web-web-service"
            },
            "task_definition": "arn:aws:ecs:ap-northeast-2:232235993791:task-definition/hkjung-web-web-app:14",
            "timeouts": null,
            "triggers": {},
            "volume_configuration": [],
            "vpc_lattice_configurations": [],
            "wait_for_steady_state": false
          },
          "sensitive_attributes": [],
          "identity_schema_version": 0,
          "private": "eyJlMmJmYjczMC1lY2FhLTExZTYtOGY4OC0zNDM2M2JjN2M0YzAiOnsiY3JlYXRlIjoxMjAwMDAwMDAwMDAwLCJkZWxldGUiOjEyMDAwMDAwMDAwMDAsInVwZGF0ZSI6MTIwMDAwMDAwMDAwMH0sInNjaGVtYV92ZXJzaW9uIjoiMSJ9",
          "dependencies": [
            "aws_cloudwatch_log_group.web_app",
            "aws_ecs_cluster.main",
            "aws_ecs_task_definition.web_app",
            "aws_iam_role.ecs_task_execution_role",
            "aws_security_group.fargate_sg",
            "aws_subnet.public",
            "aws_vpc.main",
            "data.aws_availability_zones.available"
          ]
        }
      ]
    },
    {
      "mode": "managed",
      "type": "aws_ecs_task_definition",
      "name": "web_app",
      "provider": "provider[\"registry.terraform.io/hashicorp/aws\"]",
      "instances": [
        {
          "schema_version": 1,
          "attributes": {
            "arn": "arn:aws:ecs:ap-northeast-2:232235993791:task-definition/hkjung-web-web-app:15",
            "arn_without_revision": "arn:aws:ecs:ap-northeast-2:232235993791:task-definition/hkjung-web-web-app",
            "container_definitions": "[{\"cpu\":512,\"environment\":[],\"essential\":true,\"image\":\"nginxdemos/hello:latest\",\"logConfiguration\":{\"logDriver\":\"awslogs\",\"options\":{\"awslogs-group\":\"/ecs/hkjung-web-web-app\",\"awslogs-region\":\"ap-northeast-2\",\"awslogs-stream-prefix\":\"ecs\"}},\"memory\":1024,\"mountPoints\":[],\"name\":\"hkjung-web-container\",\"portMappings\":[{\"containerPort\":80,\"hostPort\":80,\"protocol\":\"tcp\"}],\"readonlyRootFilesystem\":false,\"systemControls\":[],\"volumesFrom\":[]}]",
            "cpu": "512",
            "enable_fault_injection": false,
            "ephemeral_storage": [],
            "execution_role_arn": "arn:aws:iam::232235993791:role/hkjung-web-ecs-task-execution-role",
            "family": "hkjung-web-web-app",
            "id": "hkjung-web-web-app",
            "inference_accelerator": [],
            "ipc_mode": "",
            "memory": "1024",
            "network_mode": "awsvpc",
            "pid_mode": "",
            "placement_constraints": [],
            "proxy_configuration": [],
            "requires_compatibilities": [
              "FARGATE"
            ],
            "revision": 15,
            "runtime_platform": [],
            "skip_destroy": false,
            "tags": {
              "Name": "hkjung-web-web-app-td"
            },
            "tags_all": {
              "Name": "hkjung-web-web-app-td"
            },
            "task_role_arn": "",
            "track_latest": false,
            "volume": []
          },
          "sensitive_attributes": [],
          "identity_schema_version": 0,
          "private": "eyJzY2hlbWFfdmVyc2lvbiI6IjEifQ==",
          "dependencies": [
            "aws_cloudwatch_log_group.web_app",
            "aws_iam_role.ecs_task_execution_role"
          ]
        }
      ]
    },
    {
      "mode": "managed",
      "type": "aws_iam_openid_connect_provider",
      "name": "github",
      "provider": "provider[\"registry.terraform.io/hashicorp/aws\"]",
      "instances": [
        {
          "schema_version": 0,
          "attributes": {
            "arn": "arn:aws:iam::232235993791:oidc-provider/token.actions.githubusercontent.com",
            "client_id_list": [
              "sts.amazonaws.com"
            ],
            "id": "arn:aws:iam::232235993791:oidc-provider/token.actions.githubusercontent.com",
            "tags": {},
            "tags_all": {},
            "thumbprint_list": [
              "2b18947a6a9fc7764fd8b5fb18a863b0c6dac24f"
            ],
            "url": "token.actions.githubusercontent.com"
          },
          "sensitive_attributes": [],
          "identity_schema_version": 0,
          "private": "bnVsbA==",
          "dependencies": [
            "data.tls_certificate.github"
          ]
        }
      ]
    },
    {
      "mode": "managed",
      "type": "aws_iam_role",
      "name": "ecs_task_execution_role",
      "provider": "provider[\"registry.terraform.io/hashicorp/aws\"]",
      "instances": [
        {
          "schema_version": 0,
          "attributes": {
            "arn": "arn:aws:iam::232235993791:role/hkjung-web-ecs-task-execution-role",
            "assume_role_policy": "{\"Statement\":[{\"Action\":\"sts:AssumeRole\",\"Effect\":\"Allow\",\"Principal\":{\"Service\":\"ecs-tasks.amazonaws.com\"}}],\"Version\":\"2012-10-17\"}",
            "create_date": "2026-02-06T04:08:45Z",
            "description": "",
            "force_detach_policies": false,
            "id": "hkjung-web-ecs-task-execution-role",
            "inline_policy": [],
            "managed_policy_arns": [
              "arn:aws:iam::aws:policy/service-role/AmazonECSTaskExecutionRolePolicy"
            ],
            "max_session_duration": 3600,
            "name": "hkjung-web-ecs-task-execution-role",
            "name_prefix": "",
            "path": "/",
            "permissions_boundary": "",
            "tags": {
              "Name": "hkjung-web-ecs-task-execution-role"
            },
            "tags_all": {
              "Name": "hkjung-web-ecs-task-execution-role"
            },
            "unique_id": "AROATMESYBK73MFJUBBFI"
          },
          "sensitive_attributes": [],
          "identity_schema_version": 0,
          "private": "bnVsbA=="
        }
      ]
    },
    {
      "mode": "managed",
      "type": "aws_iam_role",
      "name": "github_actions_deployer",
      "provider": "provider[\"registry.terraform.io/hashicorp/aws\"]",
      "instances": [
        {
          "schema_version": 0,
          "attributes": {
            "arn": "arn:aws:iam::232235993791:role/hkjung-web-github-actions-deployer",
            "assume_role_policy": "{\"Statement\":[{\"Action\":\"sts:AssumeRoleWithWebIdentity\",\"Condition\":{\"StringEquals\":{\"token.actions.githubusercontent.com:aud\":\"sts.amazonaws.com\"},\"StringLike\":{\"token.actions.githubusercontent.com:sub\":\"repo:JHK0907/ecs-fargate-main:*\"}},\"Effect\":\"Allow\",\"Principal\":{\"Federated\":\"arn:aws:iam::232235993791:oidc-provider/token.actions.githubusercontent.com\"}}],\"Version\":\"2012-10-17\"}",
            "create_date": "2026-02-06T04:08:45Z",
            "description": "",
            "force_detach_policies": false,
            "id": "hkjung-web-github-actions-deployer",
            "inline_policy": [
              {
                "name": "hkjung-web-github-actions-policy",
                "policy": "{\"Version\":\"2012-10-17\",\"Statement\":[{\"Action\":[\"ecr:GetAuthorizationToken\"],\"Effect\":\"Allow\",\"Resource\":\"*\"},{\"Action\":[\"ecr:GetDownloadUrlForLayer\",\"ecr:BatchGetImage\",\"ecr:BatchCheckLayerAvailability\",\"ecr:PutImage\",\"ecr:InitiateLayerUpload\",\"ecr:UploadLayerPart\",\"ecr:CompleteLayerUpload\",\"ecr:DescribeRepositories\",\"ecr:ListImages\",\"ecr:DescribeImages\"],\"Effect\":\"Allow\",\"Resource\":\"arn:aws:ecr:ap-northeast-2:232235993791:repository/hkjung-web-repo\"},{\"Action\":[\"ecs:RegisterTaskDefinition\",\"ecs:DeregisterTaskDefinition\",\"ecs:DescribeTaskDefinition\",\"ecs:ListTaskDefinitions\"],\"Effect\":\"Allow\",\"Resource\":\"*\"},{\"Action\":[\"ecs:DescribeServices\",\"ecs:UpdateService\",\"ecs:DescribeClusters\"],\"Effect\":\"Allow\",\"Resource\":[\"arn:aws:ecs:ap-northeast-2:232235993791:cluster/hkjung-web-cluster\",\"arn:aws:ecs:ap-northeast-2:232235993791:service/hkjung-web-cluster/hkjung-web-web-service\"]},{\"Action\":[\"logs:CreateLogGroup\",\"logs:CreateLogStream\",\"logs:PutLogEvents\"],\"Effect\":\"Allow\",\"Resource\":\"arn:aws:logs:ap-northeast-2:232235993791:log-group:/ecs/web-web-app:*\"},{\"Action\":[\"iam:PassRole\"],\"Effect\":\"Allow\",\"Resource\":[\"arn:aws:iam::232235993791:role/hkjung-web-ecs-task-execution-role\"]}]}"
              }
            ],
            "managed_policy_arns": [],
            "max_session_duration": 3600,
            "name": "hkjung-web-github-actions-deployer",
            "name_prefix": "",
            "path": "/",
            "permissions_boundary": "",
            "tags": {
              "Name": "hkjung-web-github-actions-deployer"
            },
            "tags_all": {
              "Name": "hkjung-web-github-actions-deployer"
            },
            "unique_id": "AROATMESYBK7RIIW7Z5BK"
          },
          "sensitive_attributes": [],
          "identity_schema_version": 0,
          "private": "bnVsbA==",
          "dependencies": [
            "data.aws_caller_identity.current"
          ]
        }
      ]
    },
    {
      "mode": "managed",
      "type": "aws_iam_role_policy",
      "name": "github_actions_policy",
      "provider": "provider[\"registry.terraform.io/hashicorp/aws\"]",
      "instances": [
        {
          "schema_version": 0,
          "attributes": {
            "id": "hkjung-web-github-actions-deployer:hkjung-web-github-actions-policy",
            "name": "hkjung-web-github-actions-policy",
            "name_prefix": "",
            "policy": "{\"Version\":\"2012-10-17\",\"Statement\":[{\"Action\":[\"ecr:GetAuthorizationToken\"],\"Effect\":\"Allow\",\"Resource\":\"*\"},{\"Action\":[\"ecr:GetDownloadUrlForLayer\",\"ecr:BatchGetImage\",\"ecr:BatchCheckLayerAvailability\",\"ecr:PutImage\",\"ecr:InitiateLayerUpload\",\"ecr:UploadLayerPart\",\"ecr:CompleteLayerUpload\",\"ecr:DescribeRepositories\",\"ecr:ListImages\",\"ecr:DescribeImages\"],\"Effect\":\"Allow\",\"Resource\":\"arn:aws:ecr:ap-northeast-2:232235993791:repository/hkjung-web-repo\"},{\"Action\":[\"ecs:RegisterTaskDefinition\",\"ecs:DeregisterTaskDefinition\",\"ecs:DescribeTaskDefinition\",\"ecs:ListTaskDefinitions\"],\"Effect\":\"Allow\",\"Resource\":\"*\"},{\"Action\":[\"ecs:DescribeServices\",\"ecs:UpdateService\",\"ecs:DescribeClusters\"],\"Effect\":\"Allow\",\"Resource\":[\"arn:aws:ecs:ap-northeast-2:232235993791:cluster/hkjung-web-cluster\",\"arn:aws:ecs:ap-northeast-2:232235993791:service/hkjung-web-cluster/hkjung-web-web-service\"]},{\"Action\":[\"logs:CreateLogGroup\",\"logs:CreateLogStream\",\"logs:PutLogEvents\"],\"Effect\":\"Allow\",\"Resource\":\"arn:aws:logs:ap-northeast-2:232235993791:log-group:/ecs/web-web-app:*\"},{\"Action\":[\"iam:PassRole\"],\"Effect\":\"Allow\",\"Resource\":[\"arn:aws:iam::232235993791:role/hkjung-web-ecs-task-execution-role\"]}]}",
            "role": "hkjung-web-github-actions-deployer"
          },
          "sensitive_attributes": [],
          "identity_schema_version": 0,
          "private": "bnVsbA==",
          "dependencies": [
            "aws_cloudwatch_log_group.web_app",
            "aws_ecr_repository.web_app",
            "aws_ecs_cluster.main",
            "aws_ecs_service.web_app",
            "aws_ecs_task_definition.web_app",
            "aws_iam_role.ecs_task_execution_role",
            "aws_iam_role.github_actions_deployer",
            "aws_security_group.fargate_sg",
            "aws_subnet.public",
            "aws_vpc.main",
            "data.aws_availability_zones.available",
            "data.aws_caller_identity.current"
          ]
        }
      ]
    },
    {
      "mode": "managed",
      "type": "aws_iam_role_policy_attachment",
      "name": "ecs_task_execution_role_policy",
      "provider": "provider[\"registry.terraform.io/hashicorp/aws\"]",
      "instances": [
        {
          "schema_version": 0,
          "attributes": {
            "id": "hkjung-web-ecs-task-execution-role-20260206040847810300000001",
            "policy_arn": "arn:aws:iam::aws:policy/service-role/AmazonECSTaskExecutionRolePolicy",
            "role": "hkjung-web-ecs-task-execution-role"
          },
          "sensitive_attributes": [],
          "identity_schema_version": 0,
          "private": "bnVsbA==",
          "dependencies": [
            "aws_iam_role.ecs_task_execution_role"
          ]
        }
      ]
    },
    {
      "mode": "managed",
      "type": "aws_internet_gateway",
      "name": "main",
      "provider": "provider[\"registry.terraform.io/hashicorp/aws\"]",
      "instances": [
        {
          "schema_version": 0,
          "attributes": {
            "arn": "arn:aws:ec2:ap-northeast-2:232235993791:internet-gateway/igw-0270aee3d5e280663",
            "id": "igw-0270aee3d5e280663",
            "owner_id": "232235993791",
            "tags": {
              "Name": "hkjung-web-igw"
            },
            "tags_all": {
              "Name": "hkjung-web-igw"
            },
            "timeouts": null,
            "vpc_id": "vpc-0c78eb730cf8bd989"
          },
          "sensitive_attributes": [],
          "identity_schema_version": 0,
          "private": "eyJlMmJmYjczMC1lY2FhLTExZTYtOGY4OC0zNDM2M2JjN2M0YzAiOnsiY3JlYXRlIjoxMjAwMDAwMDAwMDAwLCJkZWxldGUiOjEyMDAwMDAwMDAwMDAsInVwZGF0ZSI6MTIwMDAwMDAwMDAwMH19",
          "dependencies": [
            "aws_vpc.main"
          ]
        }
      ]
    },
    {
      "mode": "managed",
      "type": "aws_route_table",
      "name": "public",
      "provider": "provider[\"registry.terraform.io/hashicorp/aws\"]",
      "instances": [
        {
          "schema_version": 0,
          "attributes": {
            "arn": "arn:aws:ec2:ap-northeast-2:232235993791:route-table/rtb-01a3f66869398b194",
            "id": "rtb-01a3f66869398b194",
            "owner_id": "232235993791",
            "propagating_vgws": [],
            "route": [
              {
                "carrier_gateway_id": "",
                "cidr_block": "0.0.0.0/0",
                "core_network_arn": "",
                "destination_prefix_list_id": "",
                "egress_only_gateway_id": "",
                "gateway_id": "igw-0270aee3d5e280663",
                "ipv6_cidr_block": "",
                "local_gateway_id": "",
                "nat_gateway_id": "",
                "network_interface_id": "",
                "transit_gateway_id": "",
                "vpc_endpoint_id": "",
                "vpc_peering_connection_id": ""
              }
            ],
            "tags": {
              "Name": "hkjung-web-public-rt"
            },
            "tags_all": {
              "Name": "hkjung-web-public-rt"
            },
            "timeouts": null,
            "vpc_id": "vpc-0c78eb730cf8bd989"
          },
          "sensitive_attributes": [],
          "identity_schema_version": 0,
          "private": "eyJlMmJmYjczMC1lY2FhLTExZTYtOGY4OC0zNDM2M2JjN2M0YzAiOnsiY3JlYXRlIjozMDAwMDAwMDAwMDAsImRlbGV0ZSI6MzAwMDAwMDAwMDAwLCJ1cGRhdGUiOjEyMDAwMDAwMDAwMH19",
          "dependencies": [
            "aws_internet_gateway.main",
            "aws_vpc.main"
          ]
        }
      ]
    },
    {
      "mode": "managed",
      "type": "aws_route_table_association",
      "name": "public",
      "provider": "provider[\"registry.terraform.io/hashicorp/aws\"]",
      "instances": [
        {
          "index_key": 0,
          "schema_version": 0,
          "attributes": {
            "gateway_id": "",
            "id": "rtbassoc-010c5f291cfee6f78",
            "route_table_id": "rtb-01a3f66869398b194",
            "subnet_id": "subnet-0ffec8aa2219834c1",
            "timeouts": null
          },
          "sensitive_attributes": [],
          "identity_schema_version": 0,
          "private": "eyJlMmJmYjczMC1lY2FhLTExZTYtOGY4OC0zNDM2M2JjN2M0YzAiOnsiY3JlYXRlIjozMDAwMDAwMDAwMDAsImRlbGV0ZSI6MzAwMDAwMDAwMDAwLCJ1cGRhdGUiOjEyMDAwMDAwMDAwMH19",
          "dependencies": [
            "aws_internet_gateway.main",
            "aws_route_table.public",
            "aws_subnet.public",
            "aws_vpc.main",
            "data.aws_availability_zones.available"
          ]
        },
        {
          "index_key": 1,
          "schema_version": 0,
          "attributes": {
            "gateway_id": "",
            "id": "rtbassoc-081e061ca63d53f4e",
            "route_table_id": "rtb-01a3f66869398b194",
            "subnet_id": "subnet-0f93ae0afae2ae4cf",
            "timeouts": null
          },
          "sensitive_attributes": [],
          "identity_schema_version": 0,
          "private": "eyJlMmJmYjczMC1lY2FhLTExZTYtOGY4OC0zNDM2M2JjN2M0YzAiOnsiY3JlYXRlIjozMDAwMDAwMDAwMDAsImRlbGV0ZSI6MzAwMDAwMDAwMDAwLCJ1cGRhdGUiOjEyMDAwMDAwMDAwMH19",
          "dependencies": [
            "aws_internet_gateway.main",
            "aws_route_table.public",
            "aws_subnet.public",
            "aws_vpc.main",
            "data.aws_availability_zones.available"
          ]
        }
      ]
    },
    {
      "mode": "managed",
      "type": "aws_security_group",
      "name": "fargate_sg",
      "provider": "provider[\"registry.terraform.io/hashicorp/aws\"]",
      "instances": [
        {
          "schema_version": 1,
          "attributes": {
            "arn": "arn:aws:ec2:ap-northeast-2:232235993791:security-group/sg-0870426be98801987",
            "description": "Allow HTTP inbound traffic for Fargate tasks",
            "egress": [
              {
                "cidr_blocks": [
                  "0.0.0.0/0"
                ],
                "description": "Allow all outbound traffic",
                "from_port": 0,
                "ipv6_cidr_blocks": [],
                "prefix_list_ids": [],
                "protocol": "-1",
                "security_groups": [],
                "self": false,
                "to_port": 0
              }
            ],
            "id": "sg-0870426be98801987",
            "ingress": [
              {
                "cidr_blocks": [
                  "0.0.0.0/0"
                ],
                "description": "Allow HTTP from anywhere",
                "from_port": 80,
                "ipv6_cidr_blocks": [],
                "prefix_list_ids": [],
                "protocol": "tcp",
                "security_groups": [],
                "self": false,
                "to_port": 80
              }
            ],
            "name": "hkjung-web-fargate-sg",
            "name_prefix": "",
            "owner_id": "232235993791",
            "revoke_rules_on_delete": false,
            "tags": {
              "Name": "hkjung-web-fargate-sg"
            },
            "tags_all": {
              "Name": "hkjung-web-fargate-sg"
            },
            "timeouts": null,
            "vpc_id": "vpc-0c78eb730cf8bd989"
          },
          "sensitive_attributes": [],
          "identity_schema_version": 0,
          "private": "eyJlMmJmYjczMC1lY2FhLTExZTYtOGY4OC0zNDM2M2JjN2M0YzAiOnsiY3JlYXRlIjo2MDAwMDAwMDAwMDAsImRlbGV0ZSI6OTAwMDAwMDAwMDAwfSwic2NoZW1hX3ZlcnNpb24iOiIxIn0=",
          "dependencies": [
            "aws_vpc.main"
          ]
        }
      ]
    },
    {
      "mode": "managed",
      "type": "aws_subnet",
      "name": "public",
      "provider": "provider[\"registry.terraform.io/hashicorp/aws\"]",
      "instances": [
        {
          "index_key": 0,
          "schema_version": 1,
          "attributes": {
            "arn": "arn:aws:ec2:ap-northeast-2:232235993791:subnet/subnet-0ffec8aa2219834c1",
            "assign_ipv6_address_on_creation": false,
            "availability_zone": "ap-northeast-2a",
            "availability_zone_id": "apne2-az1",
            "cidr_block": "10.0.1.0/24",
            "customer_owned_ipv4_pool": "",
            "enable_dns64": false,
            "enable_lni_at_device_index": 0,
            "enable_resource_name_dns_a_record_on_launch": false,
            "enable_resource_name_dns_aaaa_record_on_launch": false,
            "id": "subnet-0ffec8aa2219834c1",
            "ipv6_cidr_block": "",
            "ipv6_cidr_block_association_id": "",
            "ipv6_native": false,
            "map_customer_owned_ip_on_launch": false,
            "map_public_ip_on_launch": true,
            "outpost_arn": "",
            "owner_id": "232235993791",
            "private_dns_hostname_type_on_launch": "ip-name",
            "tags": {
              "Name": "hkjung-web-public-subnet-1"
            },
            "tags_all": {
              "Name": "hkjung-web-public-subnet-1"
            },
            "timeouts": null,
            "vpc_id": "vpc-0c78eb730cf8bd989"
          },
          "sensitive_attributes": [],
          "identity_schema_version": 0,
          "private": "eyJlMmJmYjczMC1lY2FhLTExZTYtOGY4OC0zNDM2M2JjN2M0YzAiOnsiY3JlYXRlIjo2MDAwMDAwMDAwMDAsImRlbGV0ZSI6MTIwMDAwMDAwMDAwMH0sInNjaGVtYV92ZXJzaW9uIjoiMSJ9",
          "dependencies": [
            "aws_vpc.main",
            "data.aws_availability_zones.available"
          ]
        },
        {
          "index_key": 1,
          "schema_version": 1,
          "attributes": {
            "arn": "arn:aws:ec2:ap-northeast-2:232235993791:subnet/subnet-0f93ae0afae2ae4cf",
            "assign_ipv6_address_on_creation": false,
            "availability_zone": "ap-northeast-2b",
            "availability_zone_id": "apne2-az2",
            "cidr_block": "10.0.2.0/24",
            "customer_owned_ipv4_pool": "",
            "enable_dns64": false,
            "enable_lni_at_device_index": 0,
            "enable_resource_name_dns_a_record_on_launch": false,
            "enable_resource_name_dns_aaaa_record_on_launch": false,
            "id": "subnet-0f93ae0afae2ae4cf",
            "ipv6_cidr_block": "",
            "ipv6_cidr_block_association_id": "",
            "ipv6_native": false,
            "map_customer_owned_ip_on_launch": false,
            "map_public_ip_on_launch": true,
            "outpost_arn": "",
            "owner_id": "232235993791",
            "private_dns_hostname_type_on_launch": "ip-name",
            "tags": {
              "Name": "hkjung-web-public-subnet-2"
            },
            "tags_all": {
              "Name": "hkjung-web-public-subnet-2"
            },
            "timeouts": null,
            "vpc_id": "vpc-0c78eb730cf8bd989"
          },
          "sensitive_attributes": [],
          "identity_schema_version": 0,
          "private": "eyJlMmJmYjczMC1lY2FhLTExZTYtOGY4OC0zNDM2M2JjN2M0YzAiOnsiY3JlYXRlIjo2MDAwMDAwMDAwMDAsImRlbGV0ZSI6MTIwMDAwMDAwMDAwMH0sInNjaGVtYV92ZXJzaW9uIjoiMSJ9",
          "dependencies": [
            "aws_vpc.main",
            "data.aws_availability_zones.available"
          ]
        }
      ]
    },
    {
      "mode": "managed",
      "type": "aws_vpc",
      "name": "main",
      "provider": "provider[\"registry.terraform.io/hashicorp/aws\"]",
      "instances": [
        {
          "schema_version": 1,
          "attributes": {
            "arn": "arn:aws:ec2:ap-northeast-2:232235993791:vpc/vpc-0c78eb730cf8bd989",
            "assign_generated_ipv6_cidr_block": false,
            "cidr_block": "10.0.0.0/16",
            "default_network_acl_id": "acl-0d02bb414213b7057",
            "default_route_table_id": "rtb-096b5a3e22b787d14",
            "default_security_group_id": "sg-08e2f387e2269923f",
            "dhcp_options_id": "dopt-0c2b99e515ed24e1e",
            "enable_dns_hostnames": true,
            "enable_dns_support": true,
            "enable_network_address_usage_metrics": false,
            "id": "vpc-0c78eb730cf8bd989",
            "instance_tenancy": "default",
            "ipv4_ipam_pool_id": null,
            "ipv4_netmask_length": null,
            "ipv6_association_id": "",
            "ipv6_cidr_block": "",
            "ipv6_cidr_block_network_border_group": "",
            "ipv6_ipam_pool_id": "",
            "ipv6_netmask_length": 0,
            "main_route_table_id": "rtb-096b5a3e22b787d14",
            "owner_id": "232235993791",
            "tags": {
              "Name": "hkjung-web-vpc"
            },
            "tags_all": {
              "Name": "hkjung-web-vpc"
            }
          },
          "sensitive_attributes": [],
          "identity_schema_version": 0,
          "private": "eyJzY2hlbWFfdmVyc2lvbiI6IjEifQ=="
        }
      ]
    }
  ],
  "check_results": null
}
